
Microsoft Visual Studio Solution File, Format Version 12.00
# Visual Studio Version 16
VisualStudioVersion = 16.0.31911.196
MinimumVisualStudioVersion = 10.0.40219.1
Project("{2150E333-8FDC-42A3-9474-1A3956D46DE8}") = "DZ1", "DZ1", "{D6C951FD-207C-4CF8-9FF1-90E6EAEFE850}"
EndProject
Project("{9A19103F-16F7-4668-BE54-9A1E7A4F7556}") = "ClassLibrary1", "ClassLibrary1\ClassLibrary1.csproj", "{6CB0C7B2-9A1E-4C69-921A-96634BB4E7B5}"
EndProject
Project("{9A19103F-16F7-4668-BE54-9A1E7A4F7556}") = "ConsoleApp1", "ConsoleApp1\ConsoleApp1.csproj", "{B5B857AF-2FF4-455A-93AA-60A31FA30628}"
EndProject
Project("{2150E333-8FDC-42A3-9474-1A3956D46DE8}") = "DZ2", "DZ2", "{6D52275A-C1C8-4378-B917-F763F0F84B11}"
EndProject
Project("{9A19103F-16F7-4668-BE54-9A1E7A4F7556}") = "ClassLibraryBmiWeight", "ClassLibrary2\ClassLibraryBmiWeight.csproj", "{8A9D3B0B-AA2F-4304-A1B7-EF7BF94CA0D7}"
EndProject
Project("{9A19103F-16F7-4668-BE54-9A1E7A4F7556}") = "ConsoleApp2", "ConsoleApp2\ConsoleApp2.csproj", "{848DF153-5FF3-4B9F-87FF-BF17659BAA2F}"
EndProject
Project("{2150E333-8FDC-42A3-9474-1A3956D46DE8}") = "DZ3", "DZ3", "{3FBDAA30-0212-46EA-A529-CF11DE7127B5}"
EndProject
Project("{9A19103F-16F7-4668-BE54-9A1E7A4F7556}") = "ConsoleApp3.1", "ConsoleApp3\ConsoleApp3.1.csproj", "{E1F1C0B4-2DDC-4815-8CDA-7768161DBCBA}"
	ProjectSection(ProjectDependencies) = postProject
		{6CE53416-3B58-426A-A86D-1C492FA70465} = {6CE53416-3B58-426A-A86D-1C492FA70465}
	EndProjectSection
EndProject
Project("{9A19103F-16F7-4668-BE54-9A1E7A4F7556}") = "ClassLibraryFrequencyOfWords", "ClassLibraryFrequencyOfWords\ClassLibraryFrequencyOfWords.csproj", "{6CE53416-3B58-426A-A86D-1C492FA70465}"
EndProject
Project("{2150E333-8FDC-42A3-9474-1A3956D46DE8}") = "1", "1", "{E9B6F033-75B8-44E3-BCB6-482A6FF63126}"
EndProject
Project("{2150E333-8FDC-42A3-9474-1A3956D46DE8}") = "2", "2", "{DEA8EB96-1374-47D6-8098-1AD65B77690D}"
EndProject
Project("{9A19103F-16F7-4668-BE54-9A1E7A4F7556}") = "ConsoleApp3.2", "ConsoleApp3.2\ConsoleApp3.2.csproj", "{8FC57B98-F6D2-4840-BBF3-708ED412552C}"
EndProject
Project("{9A19103F-16F7-4668-BE54-9A1E7A4F7556}") = "DynamicArray", "DynamicArray\DynamicArray.csproj", "{2CAE78D8-1847-41F9-8035-A160DF65D570}"
EndProject
Project("{2150E333-8FDC-42A3-9474-1A3956D46DE8}") = "DZ4", "DZ4", "{6ECB11F9-942F-448A-B189-7EC1E6322854}"
EndProject
Project("{FAE04EC0-301F-11D3-BF4B-00C04F79EFBC}") = "ConsoleApp4", "4\ConsoleApp4\ConsoleApp4.csproj", "{C56CB171-2DE7-4E62-8CD1-69E12DB9DDC2}"
EndProject
Project("{FAE04EC0-301F-11D3-BF4B-00C04F79EFBC}") = "SortArray", "4\ClassLibrary2\SortArray.csproj", "{8263241E-195B-4221-B8D6-60EAC487D181}"
EndProject
Global
	GlobalSection(SolutionConfigurationPlatforms) = preSolution
		Debug|Any CPU = Debug|Any CPU
		Release|Any CPU = Release|Any CPU
	EndGlobalSection
	GlobalSection(ProjectConfigurationPlatforms) = postSolution
		{6CB0C7B2-9A1E-4C69-921A-96634BB4E7B5}.Debug|Any CPU.ActiveCfg = Debug|Any CPU
		{6CB0C7B2-9A1E-4C69-921A-96634BB4E7B5}.Debug|Any CPU.Build.0 = Debug|Any CPU
		{6CB0C7B2-9A1E-4C69-921A-96634BB4E7B5}.Release|Any CPU.ActiveCfg = Release|Any CPU
		{6CB0C7B2-9A1E-4C69-921A-96634BB4E7B5}.Release|Any CPU.Build.0 = Release|Any CPU
		{B5B857AF-2FF4-455A-93AA-60A31FA30628}.Debug|Any CPU.ActiveCfg = Debug|Any CPU
		{B5B857AF-2FF4-455A-93AA-60A31FA30628}.Debug|Any CPU.Build.0 = Debug|Any CPU
		{B5B857AF-2FF4-455A-93AA-60A31FA30628}.Release|Any CPU.ActiveCfg = Release|Any CPU
		{B5B857AF-2FF4-455A-93AA-60A31FA30628}.Release|Any CPU.Build.0 = Release|Any CPU
		{8A9D3B0B-AA2F-4304-A1B7-EF7BF94CA0D7}.Debug|Any CPU.ActiveCfg = Debug|Any CPU
		{8A9D3B0B-AA2F-4304-A1B7-EF7BF94CA0D7}.Debug|Any CPU.Build.0 = Debug|Any CPU
		{8A9D3B0B-AA2F-4304-A1B7-EF7BF94CA0D7}.Release|Any CPU.ActiveCfg = Release|Any CPU
		{8A9D3B0B-AA2F-4304-A1B7-EF7BF94CA0D7}.Release|Any CPU.Build.0 = Release|Any CPU
		{848DF153-5FF3-4B9F-87FF-BF17659BAA2F}.Debug|Any CPU.ActiveCfg = Debug|Any CPU
		{848DF153-5FF3-4B9F-87FF-BF17659BAA2F}.Debug|Any CPU.Build.0 = Debug|Any CPU
		{848DF153-5FF3-4B9F-87FF-BF17659BAA2F}.Release|Any CPU.ActiveCfg = Release|Any CPU
		{848DF153-5FF3-4B9F-87FF-BF17659BAA2F}.Release|Any CPU.Build.0 = Release|Any CPU
		{E1F1C0B4-2DDC-4815-8CDA-7768161DBCBA}.Debug|Any CPU.ActiveCfg = Debug|Any CPU
		{E1F1C0B4-2DDC-4815-8CDA-7768161DBCBA}.Debug|Any CPU.Build.0 = Debug|Any CPU
		{E1F1C0B4-2DDC-4815-8CDA-7768161DBCBA}.Release|Any CPU.ActiveCfg = Release|Any CPU
		{E1F1C0B4-2DDC-4815-8CDA-7768161DBCBA}.Release|Any CPU.Build.0 = Release|Any CPU
		{6CE53416-3B58-426A-A86D-1C492FA70465}.Debug|Any CPU.ActiveCfg = Debug|Any CPU
		{6CE53416-3B58-426A-A86D-1C492FA70465}.Debug|Any CPU.Build.0 = Debug|Any CPU
		{6CE53416-3B58-426A-A86D-1C492FA70465}.Release|Any CPU.ActiveCfg = Release|Any CPU
		{6CE53416-3B58-426A-A86D-1C492FA70465}.Release|Any CPU.Build.0 = Release|Any CPU
		{8FC57B98-F6D2-4840-BBF3-708ED412552C}.Debug|Any CPU.ActiveCfg = Debug|Any CPU
		{8FC57B98-F6D2-4840-BBF3-708ED412552C}.Debug|Any CPU.Build.0 = Debug|Any CPU
		{8FC57B98-F6D2-4840-BBF3-708ED412552C}.Release|Any CPU.ActiveCfg = Release|Any CPU
		{8FC57B98-F6D2-4840-BBF3-708ED412552C}.Release|Any CPU.Build.0 = Release|Any CPU
		{2CAE78D8-1847-41F9-8035-A160DF65D570}.Debug|Any CPU.ActiveCfg = Debug|Any CPU
		{2CAE78D8-1847-41F9-8035-A160DF65D570}.Debug|Any CPU.Build.0 = Debug|Any CPU
		{2CAE78D8-1847-41F9-8035-A160DF65D570}.Release|Any CPU.ActiveCfg = Release|Any CPU
		{2CAE78D8-1847-41F9-8035-A160DF65D570}.Release|Any CPU.Build.0 = Release|Any CPU
		{C56CB171-2DE7-4E62-8CD1-69E12DB9DDC2}.Debug|Any CPU.ActiveCfg = Debug|Any CPU
		{C56CB171-2DE7-4E62-8CD1-69E12DB9DDC2}.Debug|Any CPU.Build.0 = Debug|Any CPU
		{C56CB171-2DE7-4E62-8CD1-69E12DB9DDC2}.Release|Any CPU.ActiveCfg = Release|Any CPU
		{C56CB171-2DE7-4E62-8CD1-69E12DB9DDC2}.Release|Any CPU.Build.0 = Release|Any CPU
		{8263241E-195B-4221-B8D6-60EAC487D181}.Debug|Any CPU.ActiveCfg = Debug|Any CPU
		{8263241E-195B-4221-B8D6-60EAC487D181}.Debug|Any CPU.Build.0 = Debug|Any CPU
		{8263241E-195B-4221-B8D6-60EAC487D181}.Release|Any CPU.ActiveCfg = Release|Any CPU
		{8263241E-195B-4221-B8D6-60EAC487D181}.Release|Any CPU.Build.0 = Release|Any CPU
	EndGlobalSection
	GlobalSection(SolutionProperties) = preSolution
		HideSolutionNode = FALSE
	EndGlobalSection
	GlobalSection(NestedProjects) = preSolution
		{6CB0C7B2-9A1E-4C69-921A-96634BB4E7B5} = {D6C951FD-207C-4CF8-9FF1-90E6EAEFE850}
		{B5B857AF-2FF4-455A-93AA-60A31FA30628} = {D6C951FD-207C-4CF8-9FF1-90E6EAEFE850}
		{8A9D3B0B-AA2F-4304-A1B7-EF7BF94CA0D7} = {6D52275A-C1C8-4378-B917-F763F0F84B11}
		{848DF153-5FF3-4B9F-87FF-BF17659BAA2F} = {6D52275A-C1C8-4378-B917-F763F0F84B11}
		{E1F1C0B4-2DDC-4815-8CDA-7768161DBCBA} = {E9B6F033-75B8-44E3-BCB6-482A6FF63126}
		{6CE53416-3B58-426A-A86D-1C492FA70465} = {E9B6F033-75B8-44E3-BCB6-482A6FF63126}
		{E9B6F033-75B8-44E3-BCB6-482A6FF63126} = {3FBDAA30-0212-46EA-A529-CF11DE7127B5}
		{DEA8EB96-1374-47D6-8098-1AD65B77690D} = {3FBDAA30-0212-46EA-A529-CF11DE7127B5}
		{8FC57B98-F6D2-4840-BBF3-708ED412552C} = {DEA8EB96-1374-47D6-8098-1AD65B77690D}
		{2CAE78D8-1847-41F9-8035-A160DF65D570} = {DEA8EB96-1374-47D6-8098-1AD65B77690D}
		{C56CB171-2DE7-4E62-8CD1-69E12DB9DDC2} = {6ECB11F9-942F-448A-B189-7EC1E6322854}
		{8263241E-195B-4221-B8D6-60EAC487D181} = {6ECB11F9-942F-448A-B189-7EC1E6322854}
	EndGlobalSection
	GlobalSection(ExtensibilityGlobals) = postSolution
		SolutionGuid = {9FFA4156-47C5-4FCB-BFC7-FEAFF0291708}
	EndGlobalSection
EndGlobal
